<?xml version="1.0" encoding="utf-8"?>
<Project ToolsVersion="4.0" xmlns="http://schemas.microsoft.com/developer/msbuild/2003">
  <ItemGroup>
    <ClInclude Include="framework.h">
      <Filter>Default</Filter>
    </ClInclude>
    <ClInclude Include="pch.h">
      <Filter>Default</Filter>
    </ClInclude>
    <ClInclude Include="define.h">
      <Filter>01.Header</Filter>
    </ClInclude>
    <ClInclude Include="global.h">
      <Filter>01.Header</Filter>
    </ClInclude>
    <ClInclude Include="singleton.h">
      <Filter>01.Header</Filter>
    </ClInclude>
    <ClInclude Include="CEngine.h">
      <Filter>02.Engine</Filter>
    </ClInclude>
    <ClInclude Include="struct.h">
      <Filter>01.Header</Filter>
    </ClInclude>
    <ClInclude Include="CDevice.h" />
  </ItemGroup>
  <ItemGroup>
    <ClCompile Include="Engine.cpp">
      <Filter>Default</Filter>
    </ClCompile>
    <ClCompile Include="pch.cpp">
      <Filter>Default</Filter>
    </ClCompile>
    <ClCompile Include="CEngine.cpp">
      <Filter>02.Engine</Filter>
    </ClCompile>
    <ClCompile Include="CDevice.cpp" />
  </ItemGroup>
  <ItemGroup>
    <Filter Include="Default">
      <UniqueIdentifier>{b9526f52-55fd-410c-8e9f-5a4dfc8ea491}</UniqueIdentifier>
    </Filter>
    <Filter Include="01.Header">
      <UniqueIdentifier>{364cadd7-b383-4ec1-9626-fba7e48cf97f}</UniqueIdentifier>
    </Filter>
    <Filter Include="02.Engine">
      <UniqueIdentifier>{127180e2-ec30-47d3-a1ff-a30a47660235}</UniqueIdentifier>
    </Filter>
    <Filter Include="03.Device">
      <UniqueIdentifier>{00fbd052-d09e-42a5-99d4-00652062ac35}</UniqueIdentifier>
    </Filter>
  </ItemGroup>
</Project>