<?xml version="1.0" encoding="utf-8"?>
<Project ToolsVersion="4.0" xmlns="http://schemas.microsoft.com/developer/msbuild/2003">
  <ItemGroup>
    <ClInclude Include="framework.h">
      <Filter>Default</Filter>
    </ClInclude>
    <ClInclude Include="pch.h">
      <Filter>Default</Filter>
    </ClInclude>
    <ClInclude Include="define.h">
      <Filter>01.Header</Filter>
    </ClInclude>
    <ClInclude Include="global.h">
      <Filter>01.Header</Filter>
    </ClInclude>
    <ClInclude Include="singleton.h">
      <Filter>01.Header</Filter>
    </ClInclude>
    <ClInclude Include="CEngine.h">
      <Filter>02.Engine</Filter>
    </ClInclude>
    <ClInclude Include="struct.h">
      <Filter>01.Header</Filter>
    </ClInclude>
    <ClInclude Include="CDevice.h">
      <Filter>03.Device</Filter>
    </ClInclude>
    <ClInclude Include="SimpleMath.h">
      <Filter>Module</Filter>
    </ClInclude>
    <ClInclude Include="CKeyMgr.h">
      <Filter>04.Manager</Filter>
    </ClInclude>
    <ClInclude Include="CPathMgr.h">
      <Filter>04.Manager</Filter>
    </ClInclude>
    <ClInclude Include="CTimeMgr.h">
      <Filter>04.Manager</Filter>
    </ClInclude>
    <ClInclude Include="CEntity.h">
      <Filter>Entity</Filter>
    </ClInclude>
    <ClInclude Include="CAsset.h">
      <Filter>06.Asset</Filter>
    </ClInclude>
    <ClInclude Include="CComponent.h">
      <Filter>08.Component</Filter>
    </ClInclude>
    <ClInclude Include="CGameObject.h">
      <Filter>07.GameObject</Filter>
    </ClInclude>
    <ClInclude Include="CShader.h">
      <Filter>06.Asset\Shader</Filter>
    </ClInclude>
    <ClInclude Include="CGraphicsShader.h">
      <Filter>06.Asset\Shader</Filter>
    </ClInclude>
    <ClInclude Include="func.h">
      <Filter>01.Header</Filter>
    </ClInclude>
    <ClInclude Include="CConstBuffer.h">
      <Filter>03.Device\ConstBuffer</Filter>
    </ClInclude>
    <ClInclude Include="CMesh.h">
      <Filter>06.Asset\Mesh</Filter>
    </ClInclude>
    <ClInclude Include="CMeshRender.h">
      <Filter>08.Component\RenderComponent</Filter>
    </ClInclude>
    <ClInclude Include="CRenderComponent.h">
      <Filter>08.Component\RenderComponent</Filter>
    </ClInclude>
    <ClInclude Include="CTransform.h">
      <Filter>08.Component\01.Transform</Filter>
    </ClInclude>
    <ClInclude Include="components.h">
      <Filter>01.Header</Filter>
    </ClInclude>
    <ClInclude Include="CAssetMgr.h">
      <Filter>04.Manager</Filter>
    </ClInclude>
    <ClInclude Include="CScript.h">
      <Filter>08.Component\Script</Filter>
    </ClInclude>
    <ClInclude Include="CPlayerScript.h">
      <Filter>Scripts</Filter>
    </ClInclude>
    <ClInclude Include="CLevel.h">
      <Filter>05.Level</Filter>
    </ClInclude>
    <ClInclude Include="CCamera.h">
      <Filter>08.Component\08.Camera</Filter>
    </ClInclude>
    <ClInclude Include="CLayer.h">
      <Filter>05.Level</Filter>
    </ClInclude>
    <ClInclude Include="CLevelMgr.h">
      <Filter>04.Manager</Filter>
    </ClInclude>
    <ClInclude Include="CCameraMoveScript.h">
      <Filter>Scripts</Filter>
    </ClInclude>
    <ClInclude Include="CTexture.h">
      <Filter>06.Asset\Texture</Filter>
    </ClInclude>
    <ClInclude Include="CTaskMgr.h">
      <Filter>04.Manager</Filter>
    </ClInclude>
    <ClInclude Include="CMissileScript.h">
      <Filter>Scripts</Filter>
    </ClInclude>
    <ClInclude Include="CGC.h">
      <Filter>04.Manager</Filter>
    </ClInclude>
    <ClInclude Include="CMaterial.h">
      <Filter>06.Asset\Material</Filter>
    </ClInclude>
    <ClInclude Include="Ptr.h">
      <Filter>06.Asset</Filter>
    </ClInclude>
    <ClInclude Include="CRenderMgr.h">
      <Filter>04.Manager</Filter>
    </ClInclude>
    <ClInclude Include="CCollider2D.h">
      <Filter>08.Component\02.Collider2D</Filter>
    </ClInclude>
    <ClInclude Include="CAnim.h">
      <Filter>08.Component\04. Animator2D</Filter>
    </ClInclude>
    <ClInclude Include="CCollisionMgr.h">
      <Filter>04.Manager</Filter>
    </ClInclude>
    <ClInclude Include="CAnimator2D.h">
      <Filter>08.Component\04. Animator2D</Filter>
    </ClInclude>
    <ClInclude Include="CStructedBuffer.h">
      <Filter>03.Device\StructedBuffer</Filter>
    </ClInclude>
    <ClInclude Include="CBackgroundScript.h">
      <Filter>Scripts</Filter>
    </ClInclude>
    <ClInclude Include="CLight2D.h">
      <Filter>08.Component\06.Light2D</Filter>
    </ClInclude>
  </ItemGroup>
  <ItemGroup>
    <ClCompile Include="Engine.cpp">
      <Filter>Default</Filter>
    </ClCompile>
    <ClCompile Include="pch.cpp">
      <Filter>Default</Filter>
    </ClCompile>
    <ClCompile Include="CEngine.cpp">
      <Filter>02.Engine</Filter>
    </ClCompile>
    <ClCompile Include="CDevice.cpp">
      <Filter>03.Device</Filter>
    </ClCompile>
    <ClCompile Include="CKeyMgr.cpp">
      <Filter>04.Manager</Filter>
    </ClCompile>
    <ClCompile Include="CPathMgr.cpp">
      <Filter>04.Manager</Filter>
    </ClCompile>
    <ClCompile Include="CTimeMgr.cpp">
      <Filter>04.Manager</Filter>
    </ClCompile>
    <ClCompile Include="CEntity.cpp">
      <Filter>Entity</Filter>
    </ClCompile>
    <ClCompile Include="CAsset.cpp">
      <Filter>06.Asset</Filter>
    </ClCompile>
    <ClCompile Include="CComponent.cpp">
      <Filter>08.Component</Filter>
    </ClCompile>
    <ClCompile Include="CGameObject.cpp">
      <Filter>07.GameObject</Filter>
    </ClCompile>
    <ClCompile Include="CShader.cpp">
      <Filter>06.Asset\Shader</Filter>
    </ClCompile>
    <ClCompile Include="CGraphicsShader.cpp">
      <Filter>06.Asset\Shader</Filter>
    </ClCompile>
    <ClCompile Include="CConstBuffer.cpp">
      <Filter>03.Device\ConstBuffer</Filter>
    </ClCompile>
    <ClCompile Include="CMesh.cpp">
      <Filter>06.Asset\Mesh</Filter>
    </ClCompile>
    <ClCompile Include="CMeshRender.cpp">
      <Filter>08.Component\RenderComponent</Filter>
    </ClCompile>
    <ClCompile Include="CRenderComponent.cpp">
      <Filter>08.Component\RenderComponent</Filter>
    </ClCompile>
    <ClCompile Include="CTransform.cpp">
      <Filter>08.Component\01.Transform</Filter>
    </ClCompile>
    <ClCompile Include="CAssetMgr.cpp">
      <Filter>04.Manager</Filter>
    </ClCompile>
    <ClCompile Include="CScript.cpp">
      <Filter>08.Component\Script</Filter>
    </ClCompile>
    <ClCompile Include="CPlayerScript.cpp">
      <Filter>Scripts</Filter>
    </ClCompile>
    <ClCompile Include="CLevel.cpp">
      <Filter>05.Level</Filter>
    </ClCompile>
    <ClCompile Include="CCamera.cpp">
      <Filter>08.Component\08.Camera</Filter>
    </ClCompile>
    <ClCompile Include="CLayer.cpp">
      <Filter>05.Level</Filter>
    </ClCompile>
    <ClCompile Include="CLevelMgr.cpp">
      <Filter>04.Manager</Filter>
    </ClCompile>
    <ClCompile Include="extern.cpp">
      <Filter>01.Header</Filter>
    </ClCompile>
    <ClCompile Include="CCameraMoveScript.cpp">
      <Filter>Scripts</Filter>
    </ClCompile>
    <ClCompile Include="CTexture.cpp">
      <Filter>06.Asset\Texture</Filter>
    </ClCompile>
    <ClCompile Include="func.cpp">
      <Filter>01.Header</Filter>
    </ClCompile>
    <ClCompile Include="CTaskMgr.cpp">
      <Filter>04.Manager</Filter>
    </ClCompile>
    <ClCompile Include="CMissileScript.cpp">
      <Filter>Scripts</Filter>
    </ClCompile>
    <ClCompile Include="CGC.cpp">
      <Filter>04.Manager</Filter>
    </ClCompile>
    <ClCompile Include="CMaterial.cpp">
      <Filter>06.Asset\Material</Filter>
    </ClCompile>
    <ClCompile Include="CRenderMgr.cpp">
      <Filter>04.Manager</Filter>
    </ClCompile>
    <ClCompile Include="CCollider2D.cpp">
      <Filter>08.Component\02.Collider2D</Filter>
    </ClCompile>
    <ClCompile Include="CAnim.cpp">
      <Filter>08.Component\04. Animator2D</Filter>
    </ClCompile>
    <ClCompile Include="CCollisionMgr.cpp">
      <Filter>04.Manager</Filter>
    </ClCompile>
    <ClCompile Include="CAnimator2D.cpp">
      <Filter>08.Component\04. Animator2D</Filter>
    </ClCompile>
    <ClCompile Include="CStructedBuffer.cpp">
      <Filter>03.Device\StructedBuffer</Filter>
    </ClCompile>
    <ClCompile Include="CBackgroundScript.cpp">
      <Filter>Scripts</Filter>
    </ClCompile>
    <ClCompile Include="CLight2D.cpp">
      <Filter>08.Component\06.Light2D</Filter>
    </ClCompile>
  </ItemGroup>
  <ItemGroup>
    <Filter Include="Default">
      <UniqueIdentifier>{b9526f52-55fd-410c-8e9f-5a4dfc8ea491}</UniqueIdentifier>
    </Filter>
    <Filter Include="01.Header">
      <UniqueIdentifier>{364cadd7-b383-4ec1-9626-fba7e48cf97f}</UniqueIdentifier>
    </Filter>
    <Filter Include="02.Engine">
      <UniqueIdentifier>{127180e2-ec30-47d3-a1ff-a30a47660235}</UniqueIdentifier>
    </Filter>
    <Filter Include="03.Device">
      <UniqueIdentifier>{00fbd052-d09e-42a5-99d4-00652062ac35}</UniqueIdentifier>
    </Filter>
    <Filter Include="Module">
      <UniqueIdentifier>{66761ab9-51de-4d74-ac61-5ca10beb4842}</UniqueIdentifier>
    </Filter>
    <Filter Include="05.Level">
      <UniqueIdentifier>{c6b0a0e8-3eca-4ffb-898a-8f6d380c9e18}</UniqueIdentifier>
    </Filter>
    <Filter Include="04.Manager">
      <UniqueIdentifier>{0d5dd34f-ffd0-4b07-8638-ebe51280b833}</UniqueIdentifier>
    </Filter>
    <Filter Include="06.Asset">
      <UniqueIdentifier>{dfaf1e86-711e-43d5-a099-3e276d4312b1}</UniqueIdentifier>
    </Filter>
    <Filter Include="07.GameObject">
      <UniqueIdentifier>{bb3842dc-4209-4902-80a7-39f00d9ed617}</UniqueIdentifier>
    </Filter>
    <Filter Include="08.Component">
      <UniqueIdentifier>{71fb9d69-419d-4b52-9eb5-cf0a3e1ffc77}</UniqueIdentifier>
    </Filter>
    <Filter Include="Entity">
      <UniqueIdentifier>{1b3a4ee4-a98f-41fb-96c2-3e5182a9b51b}</UniqueIdentifier>
    </Filter>
    <Filter Include="Scripts">
      <UniqueIdentifier>{b610468c-da64-44a4-b1d6-d34dd67d106f}</UniqueIdentifier>
    </Filter>
    <Filter Include="ShaderCode">
      <UniqueIdentifier>{57f8d436-8d46-468c-8c6d-85e189bee1d4}</UniqueIdentifier>
    </Filter>
    <Filter Include="06.Asset\Material">
      <UniqueIdentifier>{a220ac7f-19d6-42a9-9a38-c346a73d0018}</UniqueIdentifier>
    </Filter>
    <Filter Include="06.Asset\Mesh">
      <UniqueIdentifier>{03f45c04-d2a1-4ab8-98ed-5b993d588482}</UniqueIdentifier>
    </Filter>
    <Filter Include="06.Asset\MeshData">
      <UniqueIdentifier>{18c3fab8-d625-4a75-9345-fd585cffaf7a}</UniqueIdentifier>
    </Filter>
    <Filter Include="06.Asset\Shader">
      <UniqueIdentifier>{becee2a0-b5c4-4449-bdd9-072b07da8a58}</UniqueIdentifier>
    </Filter>
    <Filter Include="06.Asset\Sound">
      <UniqueIdentifier>{cd1140ed-2cf8-4a65-856d-13013bc3591b}</UniqueIdentifier>
    </Filter>
    <Filter Include="03.Device\ConstBuffer">
      <UniqueIdentifier>{3a9ee56a-aa96-4a60-800f-1709958169c6}</UniqueIdentifier>
    </Filter>
    <Filter Include="08.Component\RenderComponent">
      <UniqueIdentifier>{edea8315-78f8-4292-9012-4a702c0d27a6}</UniqueIdentifier>
    </Filter>
    <Filter Include="08.Component\01.Transform">
      <UniqueIdentifier>{8b23f84c-c4f5-4ce1-b161-5223131bedf5}</UniqueIdentifier>
    </Filter>
    <Filter Include="08.Component\Script">
      <UniqueIdentifier>{0ead8064-fcf7-43da-891a-772601fa13a6}</UniqueIdentifier>
    </Filter>
    <Filter Include="08.Component\08.Camera">
      <UniqueIdentifier>{99d5604a-2ba8-4845-8126-19e6fea0f6fc}</UniqueIdentifier>
    </Filter>
    <Filter Include="06.Asset\Texture">
      <UniqueIdentifier>{62f33c12-e5f4-4d9c-9b19-cfc4c66ff09e}</UniqueIdentifier>
    </Filter>
    <Filter Include="08.Component\02.Collider2D">
      <UniqueIdentifier>{7f0a9b48-e20b-4194-98ea-6a9dea80f32d}</UniqueIdentifier>
    </Filter>
    <Filter Include="08.Component\04. Animator2D">
      <UniqueIdentifier>{4a58e278-4a98-4a63-84a3-28734264eba7}</UniqueIdentifier>
    </Filter>
    <Filter Include="03.Device\StructedBuffer">
      <UniqueIdentifier>{614d563b-0f8f-4366-be27-f10d9a2488c6}</UniqueIdentifier>
    </Filter>
    <Filter Include="08.Component\06.Light2D">
      <UniqueIdentifier>{580f879c-d39e-4ef4-9769-de98a038fdc1}</UniqueIdentifier>
    </Filter>
  </ItemGroup>
  <ItemGroup>
    <None Include="SimpleMath.inl">
      <Filter>Module</Filter>
    </None>
  </ItemGroup>
  <ItemGroup>
    <FxCompile Include="std2d.fx">
      <Filter>ShaderCode</Filter>
    </FxCompile>
    <FxCompile Include="value.fx">
      <Filter>ShaderCode</Filter>
    </FxCompile>
    <FxCompile Include="debug.fx">
      <Filter>ShaderCode</Filter>
    </FxCompile>
    <FxCompile Include="struct.fx">
      <Filter>ShaderCode</Filter>
    </FxCompile>
    <FxCompile Include="func.fx">
      <Filter>ShaderCode</Filter>
    </FxCompile>
    <FxCompile Include="postprocess.fx">
      <Filter>ShaderCode</Filter>
    </FxCompile>
  </ItemGroup>
</Project>