<?xml version="1.0" encoding="utf-8"?>
<Project ToolsVersion="4.0" xmlns="http://schemas.microsoft.com/developer/msbuild/2003">
  <ItemGroup>
    <Filter Include="Default">
      <UniqueIdentifier>{4FC737F1-C7A5-4376-A066-2A32D752A2FF}</UniqueIdentifier>
      <Extensions>cpp;c;cc;cxx;c++;cppm;ixx;def;odl;idl;hpj;bat;asm;asmx</Extensions>
    </Filter>
    <Filter Include="01. Header">
      <UniqueIdentifier>{928a7551-a1f5-4f04-a256-bbec5b09f517}</UniqueIdentifier>
    </Filter>
    <Filter Include="02. Engine">
      <UniqueIdentifier>{44542b26-491d-4875-8571-99c7459f127c}</UniqueIdentifier>
    </Filter>
    <Filter Include="03. Device">
      <UniqueIdentifier>{c656380a-7fa4-444c-8336-d0cf86aa8284}</UniqueIdentifier>
    </Filter>
    <Filter Include="Entity">
      <UniqueIdentifier>{47fb2a06-e8f4-4d1a-9637-bcba635bce7e}</UniqueIdentifier>
    </Filter>
    <Filter Include="Module">
      <UniqueIdentifier>{31b69475-96d0-4d9f-b8fd-a93fadd0541e}</UniqueIdentifier>
    </Filter>
    <Filter Include="ShaderCode">
      <UniqueIdentifier>{f6ecbf87-aec0-483e-8671-604b21ce24d7}</UniqueIdentifier>
    </Filter>
    <Filter Include="05. Level">
      <UniqueIdentifier>{90acd756-40ef-4231-a61d-eb943bac273a}</UniqueIdentifier>
    </Filter>
    <Filter Include="04. Manager">
      <UniqueIdentifier>{b81ae2e1-8e03-4e11-8af4-dd90bfb31243}</UniqueIdentifier>
    </Filter>
    <Filter Include="04. Manager\KeyMgr">
      <UniqueIdentifier>{42079044-0e61-4791-a886-f487bdcc27c0}</UniqueIdentifier>
    </Filter>
    <Filter Include="04. Manager\PathMgr">
      <UniqueIdentifier>{a5bcf653-88e1-4054-9f0b-9eea04b2591b}</UniqueIdentifier>
    </Filter>
    <Filter Include="04. Manager\TimeMgr">
      <UniqueIdentifier>{36971790-6898-4d3c-acbf-a13c805c5ad2}</UniqueIdentifier>
    </Filter>
    <Filter Include="06. Asset">
      <UniqueIdentifier>{f2e94261-caaf-4b8a-b400-7356e44d7fdb}</UniqueIdentifier>
    </Filter>
    <Filter Include="07. GameObject">
      <UniqueIdentifier>{034493d9-256f-4c33-8158-900a7f309321}</UniqueIdentifier>
    </Filter>
    <Filter Include="08. Component">
      <UniqueIdentifier>{8e5f28a2-9bfb-4577-8571-1c3f48493125}</UniqueIdentifier>
    </Filter>
    <Filter Include="06. Asset\Mesh">
      <UniqueIdentifier>{dcc57d31-bc98-41ef-8828-d939a7a44697}</UniqueIdentifier>
    </Filter>
    <Filter Include="06. Asset\Shader">
      <UniqueIdentifier>{3e73b88d-188f-43c3-93f4-4364b6677dc9}</UniqueIdentifier>
    </Filter>
    <Filter Include="06. Asset\Shader\ComputeShader">
      <UniqueIdentifier>{17709c2c-9a7d-4a01-b6c5-a4bdc00f3921}</UniqueIdentifier>
    </Filter>
    <Filter Include="06. Asset\Shader\GraphicsShader">
      <UniqueIdentifier>{38b67aad-6daf-49a8-bc08-73c0cf59d118}</UniqueIdentifier>
    </Filter>
  </ItemGroup>
  <ItemGroup>
    <ClInclude Include="framework.h">
      <Filter>Default</Filter>
    </ClInclude>
    <ClInclude Include="singleton.h">
      <Filter>01. Header</Filter>
    </ClInclude>
    <ClInclude Include="define.h">
      <Filter>01. Header</Filter>
    </ClInclude>
    <ClInclude Include="global.h">
      <Filter>01. Header</Filter>
    </ClInclude>
    <ClInclude Include="pch.h">
      <Filter>Default</Filter>
    </ClInclude>
    <ClInclude Include="CEngine.h">
      <Filter>02. Engine</Filter>
    </ClInclude>
    <ClInclude Include="struct.h">
      <Filter>01. Header</Filter>
    </ClInclude>
    <ClInclude Include="CDevice.h">
      <Filter>03. Device</Filter>
    </ClInclude>
    <ClInclude Include="RenderingTest.h" />
    <ClInclude Include="CEntity.h">
      <Filter>Entity</Filter>
    </ClInclude>
    <ClInclude Include="CLevel.h">
      <Filter>05. Level</Filter>
    </ClInclude>
    <ClInclude Include="CKeyMgr.h">
      <Filter>04. Manager\KeyMgr</Filter>
    </ClInclude>
    <ClInclude Include="CPathMgr.h">
      <Filter>04. Manager\PathMgr</Filter>
    </ClInclude>
    <ClInclude Include="CTimeMgr.h">
      <Filter>04. Manager\TimeMgr</Filter>
    </ClInclude>
    <ClInclude Include="SimpleMath.h">
      <Filter>Module</Filter>
    </ClInclude>
    <ClInclude Include="CAsset.h">
      <Filter>06. Asset</Filter>
    </ClInclude>
    <ClInclude Include="CMesh.h">
      <Filter>06. Asset\Mesh</Filter>
    </ClInclude>
    <ClInclude Include="CGraphicsShader.h">
      <Filter>06. Asset\Shader\GraphicsShader</Filter>
    </ClInclude>
    <ClInclude Include="CShader.h">
      <Filter>06. Asset\Shader</Filter>
    </ClInclude>
    <ClInclude Include="CGameObject.h">
      <Filter>07. GameObject</Filter>
    </ClInclude>
    <ClInclude Include="CComponenet.h">
      <Filter>08. Component</Filter>
    </ClInclude>
  </ItemGroup>
  <ItemGroup>
    <ClCompile Include="Engine.cpp">
      <Filter>Default</Filter>
    </ClCompile>
    <ClCompile Include="pch.cpp">
      <Filter>Default</Filter>
    </ClCompile>
    <ClCompile Include="CEngine.cpp">
      <Filter>02. Engine</Filter>
    </ClCompile>
    <ClCompile Include="CDevice.cpp">
      <Filter>03. Device</Filter>
    </ClCompile>
    <ClCompile Include="RenderingTest.cpp" />
    <ClCompile Include="CEntity.cpp">
      <Filter>Entity</Filter>
    </ClCompile>
    <ClCompile Include="CLevel.cpp">
      <Filter>05. Level</Filter>
    </ClCompile>
    <ClCompile Include="CKeyMgr.cpp">
      <Filter>04. Manager\KeyMgr</Filter>
    </ClCompile>
    <ClCompile Include="CPathMgr.cpp">
      <Filter>04. Manager\PathMgr</Filter>
    </ClCompile>
    <ClCompile Include="CTimeMgr.cpp">
      <Filter>04. Manager\TimeMgr</Filter>
    </ClCompile>
    <ClCompile Include="CAsset.cpp">
      <Filter>06. Asset</Filter>
    </ClCompile>
    <ClCompile Include="CMesh.cpp">
      <Filter>06. Asset\Mesh</Filter>
    </ClCompile>
    <ClCompile Include="CGraphicsShader.cpp">
      <Filter>06. Asset\Shader\GraphicsShader</Filter>
    </ClCompile>
    <ClCompile Include="CShader.cpp">
      <Filter>06. Asset\Shader</Filter>
    </ClCompile>
    <ClCompile Include="CGameObject.cpp">
      <Filter>07. GameObject</Filter>
    </ClCompile>
    <ClCompile Include="CComponenet.cpp">
      <Filter>08. Component</Filter>
    </ClCompile>
  </ItemGroup>
  <ItemGroup>
    <FxCompile Include="std2d.fx">
      <Filter>ShaderCode</Filter>
    </FxCompile>
  </ItemGroup>
  <ItemGroup>
    <None Include="SimpleMath.inl">
      <Filter>Module</Filter>
    </None>
  </ItemGroup>
</Project>