<?xml version="1.0" encoding="utf-8"?>
<Project ToolsVersion="4.0" xmlns="http://schemas.microsoft.com/developer/msbuild/2003">
  <ItemGroup>
    <Filter Include="01.Header">
      <UniqueIdentifier>{560e4217-57ab-419a-bd34-aaba306b2420}</UniqueIdentifier>
    </Filter>
    <Filter Include="02.Engine">
      <UniqueIdentifier>{f749819e-72bb-4607-a649-c5180c1d2615}</UniqueIdentifier>
    </Filter>
    <Filter Include="03.Device">
      <UniqueIdentifier>{787c8d42-ecf9-4895-b989-689981756de0}</UniqueIdentifier>
    </Filter>
    <Filter Include="00.Default">
      <UniqueIdentifier>{03ec82e5-f3ee-44a4-99bb-af87ded0b7e5}</UniqueIdentifier>
    </Filter>
    <Filter Include="Entity">
      <UniqueIdentifier>{e5685132-ffcc-4c72-85c6-0c618d37794c}</UniqueIdentifier>
    </Filter>
    <Filter Include="SimpleMath">
      <UniqueIdentifier>{de071f22-f034-4862-ab4f-66aacf763939}</UniqueIdentifier>
    </Filter>
    <Filter Include="ShaderCode">
      <UniqueIdentifier>{f164458a-c4d4-4e1e-9c41-19d3d57497b6}</UniqueIdentifier>
    </Filter>
    <Filter Include="05.Level">
      <UniqueIdentifier>{02306903-43c9-4f0d-867c-147bdcd4e17b}</UniqueIdentifier>
    </Filter>
    <Filter Include="04.Manager">
      <UniqueIdentifier>{af64a063-198d-495b-9dcf-9a75488f8750}</UniqueIdentifier>
    </Filter>
    <Filter Include="04.Manager\KeyMgr">
      <UniqueIdentifier>{b992aef2-ebab-4e67-84b0-44c511f4a829}</UniqueIdentifier>
    </Filter>
    <Filter Include="04.Manager\TimeMgr">
      <UniqueIdentifier>{64657599-8530-48a6-9823-0eb3574474b1}</UniqueIdentifier>
    </Filter>
    <Filter Include="04.Manager\PathMgr">
      <UniqueIdentifier>{97b2c884-0a5d-4d1a-91a9-1539e2db077b}</UniqueIdentifier>
    </Filter>
    <Filter Include="06.Asset">
      <UniqueIdentifier>{667ef837-da4e-4796-b970-a615dcb5f6a7}</UniqueIdentifier>
    </Filter>
    <Filter Include="06.Asset\Mesh">
      <UniqueIdentifier>{e77b11a0-802e-412f-9662-b88fd6ad9539}</UniqueIdentifier>
    </Filter>
    <Filter Include="06.Asset\Shader">
      <UniqueIdentifier>{1aad20fb-f745-429e-9626-bf97e13ebc72}</UniqueIdentifier>
    </Filter>
    <Filter Include="06.Asset\Shader\ComputeShader">
      <UniqueIdentifier>{40ee61df-f801-4142-a523-5796585ac1ee}</UniqueIdentifier>
    </Filter>
    <Filter Include="06.Asset\Shader\GraphicsShader">
      <UniqueIdentifier>{8fe368a4-6ea0-4220-aba7-fd034552b0f9}</UniqueIdentifier>
    </Filter>
    <Filter Include="07.GameObject">
      <UniqueIdentifier>{97ae2963-4556-4c81-820a-577460acde9e}</UniqueIdentifier>
    </Filter>
    <Filter Include="08.Component">
      <UniqueIdentifier>{7b012917-27e3-4dc0-ab6e-86152b21c004}</UniqueIdentifier>
    </Filter>
    <Filter Include="08.Component\01.Transform">
      <UniqueIdentifier>{80b2fcee-1545-4d56-bff6-f1424652934d}</UniqueIdentifier>
    </Filter>
    <Filter Include="08.Component\02.Collider2D">
      <UniqueIdentifier>{85d7ad5b-50af-4885-b438-12b88a077961}</UniqueIdentifier>
    </Filter>
    <Filter Include="08.Component\04.Animator2D">
      <UniqueIdentifier>{a83f39c8-4d68-4ab2-9250-a6228c578d22}</UniqueIdentifier>
    </Filter>
    <Filter Include="08.Component\06.Light2D">
      <UniqueIdentifier>{99cb1ad3-02bb-4f63-a460-f8767e102c18}</UniqueIdentifier>
    </Filter>
    <Filter Include="08.Component\08.Camera">
      <UniqueIdentifier>{a58d0b2b-7fe1-40b1-a8bb-47beb865a3cb}</UniqueIdentifier>
    </Filter>
  </ItemGroup>
  <ItemGroup>
    <ClInclude Include="framework.h">
      <Filter>00.Default</Filter>
    </ClInclude>
    <ClInclude Include="pch.h">
      <Filter>00.Default</Filter>
    </ClInclude>
    <ClInclude Include="CEngine.h">
      <Filter>02.Engine</Filter>
    </ClInclude>
    <ClInclude Include="singleton.h">
      <Filter>01.Header</Filter>
    </ClInclude>
    <ClInclude Include="define.h">
      <Filter>01.Header</Filter>
    </ClInclude>
    <ClInclude Include="global.h">
      <Filter>01.Header</Filter>
    </ClInclude>
    <ClInclude Include="struct.h">
      <Filter>01.Header</Filter>
    </ClInclude>
    <ClInclude Include="CDevice.h">
      <Filter>03.Device</Filter>
    </ClInclude>
    <ClInclude Include="CEntity.h">
      <Filter>Entity</Filter>
    </ClInclude>
    <ClInclude Include="Test.h" />
    <ClInclude Include="CLevel.h">
      <Filter>05.Level</Filter>
    </ClInclude>
    <ClInclude Include="SimpleMath.h">
      <Filter>SimpleMath</Filter>
    </ClInclude>
    <ClInclude Include="CKeyMgr.h">
      <Filter>04.Manager\KeyMgr</Filter>
    </ClInclude>
    <ClInclude Include="CPathMgr.h">
      <Filter>04.Manager\PathMgr</Filter>
    </ClInclude>
    <ClInclude Include="CTimeMgr.h">
      <Filter>04.Manager\TimeMgr</Filter>
    </ClInclude>
    <ClInclude Include="CAsset.h">
      <Filter>06.Asset</Filter>
    </ClInclude>
    <ClInclude Include="CComponent.h">
      <Filter>08.Component</Filter>
    </ClInclude>
    <ClInclude Include="CGameObject.h">
      <Filter>07.GameObject</Filter>
    </ClInclude>
    <ClInclude Include="CShader.h">
      <Filter>06.Asset\Shader</Filter>
    </ClInclude>
    <ClInclude Include="CGraphicsShader.h">
      <Filter>06.Asset\Shader\GraphicsShader</Filter>
    </ClInclude>
    <ClInclude Include="CMesh.h">
      <Filter>06.Asset\Mesh</Filter>
    </ClInclude>
  </ItemGroup>
  <ItemGroup>
    <ClCompile Include="Engine.cpp">
      <Filter>00.Default</Filter>
    </ClCompile>
    <ClCompile Include="pch.cpp">
      <Filter>00.Default</Filter>
    </ClCompile>
    <ClCompile Include="CEngine.cpp">
      <Filter>02.Engine</Filter>
    </ClCompile>
    <ClCompile Include="CDevice.cpp">
      <Filter>03.Device</Filter>
    </ClCompile>
    <ClCompile Include="CEntity.cpp">
      <Filter>Entity</Filter>
    </ClCompile>
    <ClCompile Include="Test.cpp" />
    <ClCompile Include="CLevel.cpp">
      <Filter>05.Level</Filter>
    </ClCompile>
    <ClCompile Include="CKeyMgr.cpp">
      <Filter>04.Manager\KeyMgr</Filter>
    </ClCompile>
    <ClCompile Include="CPathMgr.cpp">
      <Filter>04.Manager\PathMgr</Filter>
    </ClCompile>
    <ClCompile Include="CTimeMgr.cpp">
      <Filter>04.Manager\TimeMgr</Filter>
    </ClCompile>
    <ClCompile Include="CAsset.cpp">
      <Filter>06.Asset</Filter>
    </ClCompile>
    <ClCompile Include="CComponent.cpp">
      <Filter>08.Component</Filter>
    </ClCompile>
    <ClCompile Include="CGameObject.cpp">
      <Filter>07.GameObject</Filter>
    </ClCompile>
    <ClCompile Include="CShader.cpp">
      <Filter>06.Asset\Shader</Filter>
    </ClCompile>
    <ClCompile Include="CGraphicsShader.cpp">
      <Filter>06.Asset\Shader\GraphicsShader</Filter>
    </ClCompile>
    <ClCompile Include="CMesh.cpp">
      <Filter>06.Asset\Mesh</Filter>
    </ClCompile>
  </ItemGroup>
  <ItemGroup>
    <None Include="SimpleMath.inl">
      <Filter>SimpleMath</Filter>
    </None>
    <None Include="std2d.fx">
      <Filter>ShaderCode</Filter>
    </None>
  </ItemGroup>
</Project>