<?xml version="1.0" encoding="utf-8"?>
<Project ToolsVersion="4.0" xmlns="http://schemas.microsoft.com/developer/msbuild/2003">
  <ItemGroup>
    <Filter Include="리소스 파일">
      <UniqueIdentifier>{67DA6AB6-F800-4c08-8B7A-83BB121AAD01}</UniqueIdentifier>
      <Extensions>rc;ico;cur;bmp;dlg;rc2;rct;bin;rgs;gif;jpg;jpeg;jpe;resx;tiff;tif;png;wav;mfcribbon-ms</Extensions>
    </Filter>
    <Filter Include="Default">
      <UniqueIdentifier>{0658a859-afa4-4c87-8f52-676e078ad6b5}</UniqueIdentifier>
    </Filter>
    <Filter Include="03. Device">
      <UniqueIdentifier>{12d35060-0eb3-429f-80b7-70d1e5b70ff7}</UniqueIdentifier>
    </Filter>
    <Filter Include="02. Engine">
      <UniqueIdentifier>{1e704aad-944f-4d6a-8d90-d41026b2d24d}</UniqueIdentifier>
    </Filter>
    <Filter Include="01. Header">
      <UniqueIdentifier>{9bc88a26-d76d-454b-a769-babd6a46e1d6}</UniqueIdentifier>
    </Filter>
    <Filter Include="Module">
      <UniqueIdentifier>{5cd7a642-c3fe-445a-935e-5c5f660d9822}</UniqueIdentifier>
    </Filter>
    <Filter Include="ShadeCode">
      <UniqueIdentifier>{5ac77e52-b911-487c-a9dd-632cf68dc64d}</UniqueIdentifier>
    </Filter>
    <Filter Include="Entity">
      <UniqueIdentifier>{642bebcf-5d9a-42db-8364-be5033293969}</UniqueIdentifier>
    </Filter>
    <Filter Include="05. Level">
      <UniqueIdentifier>{1a296230-ea49-48db-b1b9-b005dc95ab91}</UniqueIdentifier>
    </Filter>
    <Filter Include="04. Manager">
      <UniqueIdentifier>{f1ffffa9-4216-429d-bd00-2fe01802bd01}</UniqueIdentifier>
    </Filter>
    <Filter Include="08. Component">
      <UniqueIdentifier>{6d5d2023-2413-4082-acce-ae98fc6aeebc}</UniqueIdentifier>
    </Filter>
    <Filter Include="07. GameObject">
      <UniqueIdentifier>{34b52ae8-57e1-4ae3-9400-b69132d967b4}</UniqueIdentifier>
    </Filter>
    <Filter Include="06.Asset">
      <UniqueIdentifier>{c9774ee9-cd90-4bfb-9b4d-a80b4c647e16}</UniqueIdentifier>
    </Filter>
    <Filter Include="04. Manager\KeyMgr">
      <UniqueIdentifier>{b0219a40-b40e-4da2-9440-81a2cee99b32}</UniqueIdentifier>
    </Filter>
    <Filter Include="04. Manager\PathMgr">
      <UniqueIdentifier>{34b38029-5b38-4b43-a900-87d680205676}</UniqueIdentifier>
    </Filter>
    <Filter Include="04. Manager\TimeMgr">
      <UniqueIdentifier>{363e769a-194b-44a7-8bb5-4d829da1a55c}</UniqueIdentifier>
    </Filter>
    <Filter Include="06.Asset\Mesh">
      <UniqueIdentifier>{83664c5a-4333-4ae9-9daf-3eb44234e640}</UniqueIdentifier>
    </Filter>
    <Filter Include="06.Asset\Shader">
      <UniqueIdentifier>{ac2535c6-3019-4cc0-bd7b-1048c4805fa8}</UniqueIdentifier>
    </Filter>
    <Filter Include="08. Component\01. Transform">
      <UniqueIdentifier>{8edfa7be-0382-4b2e-a393-016043e21fc6}</UniqueIdentifier>
    </Filter>
    <Filter Include="08. Component\02. Collider2D">
      <UniqueIdentifier>{97dfbd0c-0a51-4d30-98e1-514838acc095}</UniqueIdentifier>
    </Filter>
    <Filter Include="08. Component\04. Animator2D">
      <UniqueIdentifier>{8e8afc11-5274-45b7-8c7c-fdce8ab771cb}</UniqueIdentifier>
    </Filter>
    <Filter Include="08. Component\06. Light2D">
      <UniqueIdentifier>{f38fbe18-b41b-40e3-bf14-4c760489e544}</UniqueIdentifier>
    </Filter>
    <Filter Include="08. Component\08. Camera">
      <UniqueIdentifier>{cf0bc81f-b310-4a12-859b-7f2d11b9a93e}</UniqueIdentifier>
    </Filter>
    <Filter Include="06.Asset\Shader\GraphicsShader">
      <UniqueIdentifier>{c90aa103-0f33-4707-8f59-55c780965de5}</UniqueIdentifier>
    </Filter>
    <Filter Include="06.Asset\Shader\ComputeShader">
      <UniqueIdentifier>{ea3889bb-2522-44fb-94b5-24297a78fbae}</UniqueIdentifier>
    </Filter>
  </ItemGroup>
  <ItemGroup>
    <ClInclude Include="framework.h">
      <Filter>Default</Filter>
    </ClInclude>
    <ClInclude Include="pch.h">
      <Filter>Default</Filter>
    </ClInclude>
    <ClInclude Include="define.h">
      <Filter>01. Header</Filter>
    </ClInclude>
    <ClInclude Include="global.h">
      <Filter>01. Header</Filter>
    </ClInclude>
    <ClInclude Include="singleton.h">
      <Filter>01. Header</Filter>
    </ClInclude>
    <ClInclude Include="struct.h">
      <Filter>01. Header</Filter>
    </ClInclude>
    <ClInclude Include="CEngine.h">
      <Filter>02. Engine</Filter>
    </ClInclude>
    <ClInclude Include="CDevice.h">
      <Filter>03. Device</Filter>
    </ClInclude>
    <ClInclude Include="SimpleMath.h">
      <Filter>Module</Filter>
    </ClInclude>
    <ClInclude Include="Test.h" />
    <ClInclude Include="CEntity.h">
      <Filter>Entity</Filter>
    </ClInclude>
    <ClInclude Include="CLevel.h">
      <Filter>05. Level</Filter>
    </ClInclude>
    <ClInclude Include="CTimeMgr.h">
      <Filter>04. Manager\TimeMgr</Filter>
    </ClInclude>
    <ClInclude Include="CKeyMgr.h">
      <Filter>04. Manager\KeyMgr</Filter>
    </ClInclude>
    <ClInclude Include="CPathMgr.h">
      <Filter>04. Manager\PathMgr</Filter>
    </ClInclude>
    <ClInclude Include="CAsset.h">
      <Filter>06.Asset</Filter>
    </ClInclude>
    <ClInclude Include="CComponent.h">
      <Filter>08. Component</Filter>
    </ClInclude>
    <ClInclude Include="CGameObject.h">
      <Filter>07. GameObject</Filter>
    </ClInclude>
    <ClInclude Include="CShader.h">
      <Filter>06.Asset\Shader</Filter>
    </ClInclude>
    <ClInclude Include="CMesh.h">
      <Filter>06.Asset\Mesh</Filter>
    </ClInclude>
    <ClInclude Include="CGraphicsShader.h">
      <Filter>06.Asset\Shader\GraphicsShader</Filter>
    </ClInclude>
    <ClInclude Include="CTransform.h" />
  </ItemGroup>
  <ItemGroup>
    <ClCompile Include="Engine.cpp">
      <Filter>Default</Filter>
    </ClCompile>
    <ClCompile Include="pch.cpp">
      <Filter>Default</Filter>
    </ClCompile>
    <ClCompile Include="CEngine.cpp">
      <Filter>02. Engine</Filter>
    </ClCompile>
    <ClCompile Include="CDevice.cpp">
      <Filter>03. Device</Filter>
    </ClCompile>
    <ClCompile Include="Test.cpp" />
    <ClCompile Include="CEntity.cpp">
      <Filter>Entity</Filter>
    </ClCompile>
    <ClCompile Include="CLevel.cpp">
      <Filter>05. Level</Filter>
    </ClCompile>
    <ClCompile Include="CTimeMgr.cpp">
      <Filter>04. Manager\TimeMgr</Filter>
    </ClCompile>
    <ClCompile Include="CKeyMgr.cpp">
      <Filter>04. Manager\KeyMgr</Filter>
    </ClCompile>
    <ClCompile Include="CPathMgr.cpp">
      <Filter>04. Manager\PathMgr</Filter>
    </ClCompile>
    <ClCompile Include="CAsset.cpp">
      <Filter>06.Asset</Filter>
    </ClCompile>
    <ClCompile Include="CComponent.cpp">
      <Filter>08. Component</Filter>
    </ClCompile>
    <ClCompile Include="CGameObject.cpp">
      <Filter>07. GameObject</Filter>
    </ClCompile>
    <ClCompile Include="CShader.cpp">
      <Filter>06.Asset\Shader</Filter>
    </ClCompile>
    <ClCompile Include="CMesh.cpp">
      <Filter>06.Asset\Mesh</Filter>
    </ClCompile>
    <ClCompile Include="CGraphicsShader.cpp">
      <Filter>06.Asset\Shader\GraphicsShader</Filter>
    </ClCompile>
    <ClCompile Include="CTransform.cpp">
      <Filter>08. Component\01. Transform</Filter>
    </ClCompile>
  </ItemGroup>
  <ItemGroup>
    <FxCompile Include="std2d.fx">
      <Filter>ShadeCode</Filter>
    </FxCompile>
  </ItemGroup>
  <ItemGroup>
    <None Include="SimpleMath.inl">
      <Filter>Module</Filter>
    </None>
  </ItemGroup>
</Project>