<?xml version="1.0" encoding="utf-8"?>
<Project ToolsVersion="4.0" xmlns="http://schemas.microsoft.com/developer/msbuild/2003">
  <ItemGroup>
    <Filter Include="Default">
      <UniqueIdentifier>{fce3f28a-ffdc-462a-974b-fe011c09a3c2}</UniqueIdentifier>
    </Filter>
    <Filter Include="01. Header">
      <UniqueIdentifier>{af9060d8-44f6-4a1f-a068-66be41c2499a}</UniqueIdentifier>
    </Filter>
    <Filter Include="02. Engine">
      <UniqueIdentifier>{31091915-2da6-4504-b058-a4442d93f2ad}</UniqueIdentifier>
    </Filter>
    <Filter Include="Entity">
      <UniqueIdentifier>{25ca55d0-d2e0-4ebc-b0e9-3a9b2f9af02d}</UniqueIdentifier>
    </Filter>
    <Filter Include="Module">
      <UniqueIdentifier>{955d422a-2ef8-4045-a59d-e245970f6bb8}</UniqueIdentifier>
    </Filter>
    <Filter Include="ShaderCode">
      <UniqueIdentifier>{9c23c6f3-0047-4beb-a84f-16d32670ee01}</UniqueIdentifier>
    </Filter>
    <Filter Include="05. Level">
      <UniqueIdentifier>{aa6a931e-1424-455d-9543-9bb17f953f07}</UniqueIdentifier>
    </Filter>
    <Filter Include="04. Manager">
      <UniqueIdentifier>{eb896240-6b52-4d9c-8833-3d91bbec2396}</UniqueIdentifier>
    </Filter>
    <Filter Include="04. Manager\TimeManager">
      <UniqueIdentifier>{7c858352-43f2-4605-8bc8-e63d88ccc3ee}</UniqueIdentifier>
    </Filter>
    <Filter Include="04. Manager\KeyManager">
      <UniqueIdentifier>{74481907-cf0d-4096-83a6-5ce1de648f6c}</UniqueIdentifier>
    </Filter>
    <Filter Include="04. Manager\PathManager">
      <UniqueIdentifier>{8a71184e-9d5d-4e89-abd8-8d01f175486a}</UniqueIdentifier>
    </Filter>
    <Filter Include="06. Asset">
      <UniqueIdentifier>{4fbc99c7-2bc9-40cc-84fc-474d880ae423}</UniqueIdentifier>
    </Filter>
    <Filter Include="07. GameObject">
      <UniqueIdentifier>{c0f593ae-9cd4-498b-862d-3ee09ebac578}</UniqueIdentifier>
    </Filter>
    <Filter Include="08. Component">
      <UniqueIdentifier>{6857c79c-e882-4c9c-a7db-3116cf9b6778}</UniqueIdentifier>
    </Filter>
    <Filter Include="06. Asset\Mesh">
      <UniqueIdentifier>{849333f0-ebe1-4533-83c9-4f185f2ef0f5}</UniqueIdentifier>
    </Filter>
    <Filter Include="06. Asset\Shader">
      <UniqueIdentifier>{e0f27c6b-b41b-4821-a43a-2c131d0bf7aa}</UniqueIdentifier>
    </Filter>
    <Filter Include="08. Component\01. Transform">
      <UniqueIdentifier>{11ff2dce-4a63-47be-b6cc-ea4a7ab5635b}</UniqueIdentifier>
    </Filter>
    <Filter Include="08. Component\02. Collider2D">
      <UniqueIdentifier>{208f022b-88ed-4612-b56c-1f95af7f7e82}</UniqueIdentifier>
    </Filter>
    <Filter Include="08. Component\04. Animator2D">
      <UniqueIdentifier>{f07399bd-240c-40e8-9983-3b7640a6767e}</UniqueIdentifier>
    </Filter>
    <Filter Include="08. Component\06. Light2D">
      <UniqueIdentifier>{473de1c8-6fdd-4637-8cda-7b2647121855}</UniqueIdentifier>
    </Filter>
    <Filter Include="08. Component\08. Camera">
      <UniqueIdentifier>{7e622fdc-8b3c-410e-819a-1f6bf4441960}</UniqueIdentifier>
    </Filter>
    <Filter Include="06. Asset\Shader\ComputeShader">
      <UniqueIdentifier>{d93ea78a-fdac-4999-9918-577efa8d65e8}</UniqueIdentifier>
    </Filter>
    <Filter Include="06. Asset\Shader\GraphicsShader">
      <UniqueIdentifier>{3a914dbb-c88b-45a7-ad12-95f1d05519fc}</UniqueIdentifier>
    </Filter>
    <Filter Include="08. Component\RenderComponent">
      <UniqueIdentifier>{09743c1e-6053-4142-b59c-af97b690c497}</UniqueIdentifier>
    </Filter>
    <Filter Include="08. Component\Script">
      <UniqueIdentifier>{9dbd4b67-11d9-47d6-953b-1a8f634a0d62}</UniqueIdentifier>
    </Filter>
    <Filter Include="08. Component\RenderComponent\01. MeshRender">
      <UniqueIdentifier>{f7be0bd8-6924-4e87-976b-9b07e17fde07}</UniqueIdentifier>
    </Filter>
    <Filter Include="08. Component\RenderComponent\02. TileMap">
      <UniqueIdentifier>{ac0d8e7d-214a-4b63-99a2-09e08847fc43}</UniqueIdentifier>
    </Filter>
    <Filter Include="08. Component\RenderComponent\03. ParticleSystem">
      <UniqueIdentifier>{75015215-18e8-499a-abde-8d35854b86c4}</UniqueIdentifier>
    </Filter>
    <Filter Include="Script">
      <UniqueIdentifier>{8ddf80dc-8024-4a7c-9fa1-622d492c825b}</UniqueIdentifier>
    </Filter>
    <Filter Include="03. Device">
      <UniqueIdentifier>{17dedd26-aa23-404d-94c5-6830ae166f01}</UniqueIdentifier>
    </Filter>
    <Filter Include="03. Device\ConstBuffer">
      <UniqueIdentifier>{dd09fc19-e7af-40ff-b5b9-2991e9d5a04b}</UniqueIdentifier>
    </Filter>
    <Filter Include="04. Manager\AssetManager">
      <UniqueIdentifier>{787c3543-c35d-4149-a4f0-6a8f89303394}</UniqueIdentifier>
    </Filter>
    <Filter Include="04. Manager\LevelManager">
      <UniqueIdentifier>{1a25e988-01d2-4dc8-920b-c086c5a40c97}</UniqueIdentifier>
    </Filter>
    <Filter Include="06. Asset\Texture">
      <UniqueIdentifier>{fd346f3e-b1bd-4065-bd6f-d7b7d2e4a426}</UniqueIdentifier>
    </Filter>
    <Filter Include="06. Asset\Sound">
      <UniqueIdentifier>{6e1cfd16-dac7-48bd-978a-9108c54a3240}</UniqueIdentifier>
    </Filter>
    <Filter Include="06. Asset\MeshData">
      <UniqueIdentifier>{856b3682-3f84-4c7e-a9e5-6905c0e0404e}</UniqueIdentifier>
    </Filter>
    <Filter Include="04. Manager\TaskManager">
      <UniqueIdentifier>{a713d47c-af69-486d-9e45-cde4f2d20799}</UniqueIdentifier>
    </Filter>
    <Filter Include="04. Manager\CGCMgr">
      <UniqueIdentifier>{35ddbce6-ef1e-4d02-af53-e3ff63edfcc5}</UniqueIdentifier>
    </Filter>
    <Filter Include="06. Asset\Material">
      <UniqueIdentifier>{64848d48-546c-41fe-971a-59c9136c9651}</UniqueIdentifier>
    </Filter>
    <Filter Include="04. Manager\RenderMgr">
      <UniqueIdentifier>{5baffd4a-bd6d-40ad-ad47-23039f25e514}</UniqueIdentifier>
    </Filter>
    <Filter Include="04. Manager\CollisionManager">
      <UniqueIdentifier>{48f14aa2-3a4a-4cff-ba5d-985fb8a13e72}</UniqueIdentifier>
    </Filter>
    <Filter Include="08. Component\04. Animator2D\Anim">
      <UniqueIdentifier>{4e81601a-531f-451a-9dd3-23deda37d5c8}</UniqueIdentifier>
    </Filter>
    <Filter Include="03. Device\StructuredBuffer">
      <UniqueIdentifier>{27d796b6-1607-4f40-8213-ee0d2119f22a}</UniqueIdentifier>
    </Filter>
  </ItemGroup>
  <ItemGroup>
    <ClInclude Include="framework.h">
      <Filter>Default</Filter>
    </ClInclude>
    <ClInclude Include="pch.h">
      <Filter>Default</Filter>
    </ClInclude>
    <ClInclude Include="CEngine.h">
      <Filter>02. Engine</Filter>
    </ClInclude>
    <ClInclude Include="singleton.h">
      <Filter>01. Header</Filter>
    </ClInclude>
    <ClInclude Include="define.h">
      <Filter>01. Header</Filter>
    </ClInclude>
    <ClInclude Include="global.h">
      <Filter>01. Header</Filter>
    </ClInclude>
    <ClInclude Include="struct.h">
      <Filter>01. Header</Filter>
    </ClInclude>
    <ClInclude Include="CDevice.h">
      <Filter>03. Device</Filter>
    </ClInclude>
    <ClInclude Include="CEntity.h">
      <Filter>Entity</Filter>
    </ClInclude>
    <ClInclude Include="SimpleMath.h">
      <Filter>Module</Filter>
    </ClInclude>
    <ClInclude Include="CLevel.h">
      <Filter>05. Level</Filter>
    </ClInclude>
    <ClInclude Include="CKeyMgr.h">
      <Filter>04. Manager\KeyManager</Filter>
    </ClInclude>
    <ClInclude Include="CPathMgr.h">
      <Filter>04. Manager\PathManager</Filter>
    </ClInclude>
    <ClInclude Include="CTimeMgr.h">
      <Filter>04. Manager\TimeManager</Filter>
    </ClInclude>
    <ClInclude Include="CAsset.h">
      <Filter>06. Asset</Filter>
    </ClInclude>
    <ClInclude Include="CGameObject.h">
      <Filter>07. GameObject</Filter>
    </ClInclude>
    <ClInclude Include="CComponent.h">
      <Filter>08. Component</Filter>
    </ClInclude>
    <ClInclude Include="CMesh.h">
      <Filter>06. Asset\Mesh</Filter>
    </ClInclude>
    <ClInclude Include="CShader.h">
      <Filter>06. Asset\Shader</Filter>
    </ClInclude>
    <ClInclude Include="CGraphicsShader.h">
      <Filter>06. Asset\Shader\GraphicsShader</Filter>
    </ClInclude>
    <ClInclude Include="CTransform.h">
      <Filter>08. Component\01. Transform</Filter>
    </ClInclude>
    <ClInclude Include="func.h">
      <Filter>01. Header</Filter>
    </ClInclude>
    <ClInclude Include="CConstBuffer.h">
      <Filter>03. Device\ConstBuffer</Filter>
    </ClInclude>
    <ClInclude Include="CRenderComponent.h">
      <Filter>08. Component\RenderComponent</Filter>
    </ClInclude>
    <ClInclude Include="CMeshRender.h">
      <Filter>08. Component\RenderComponent\01. MeshRender</Filter>
    </ClInclude>
    <ClInclude Include="components.h">
      <Filter>01. Header</Filter>
    </ClInclude>
    <ClInclude Include="CScript.h">
      <Filter>08. Component\Script</Filter>
    </ClInclude>
    <ClInclude Include="CAssetMgr.h">
      <Filter>04. Manager\AssetManager</Filter>
    </ClInclude>
    <ClInclude Include="CPlayerScript.h">
      <Filter>Script</Filter>
    </ClInclude>
    <ClInclude Include="CLayer.h">
      <Filter>05. Level</Filter>
    </ClInclude>
    <ClInclude Include="CLevelMgr.h">
      <Filter>04. Manager\LevelManager</Filter>
    </ClInclude>
    <ClInclude Include="CCamera.h">
      <Filter>08. Component\08. Camera</Filter>
    </ClInclude>
    <ClInclude Include="CCameraMoveScript.h">
      <Filter>Script</Filter>
    </ClInclude>
    <ClInclude Include="CTexture.h">
      <Filter>06. Asset\Texture</Filter>
    </ClInclude>
    <ClInclude Include="CTaskMgr.h">
      <Filter>04. Manager\TaskManager</Filter>
    </ClInclude>
    <ClInclude Include="CMissileScript.h">
      <Filter>Script</Filter>
    </ClInclude>
    <ClInclude Include="CGC.h">
      <Filter>04. Manager\CGCMgr</Filter>
    </ClInclude>
    <ClInclude Include="CMaterial.h">
      <Filter>06. Asset\Material</Filter>
    </ClInclude>
    <ClInclude Include="Ptr.h">
      <Filter>06. Asset</Filter>
    </ClInclude>
    <ClInclude Include="CRenderMgr.h">
      <Filter>04. Manager\RenderMgr</Filter>
    </ClInclude>
    <ClInclude Include="CCollider2D.h">
      <Filter>08. Component\02. Collider2D</Filter>
    </ClInclude>
    <ClInclude Include="CCollisionMgr.h">
      <Filter>04. Manager\CollisionManager</Filter>
    </ClInclude>
    <ClInclude Include="CAnim.h">
      <Filter>08. Component\04. Animator2D\Anim</Filter>
    </ClInclude>
    <ClInclude Include="CAnimator2D.h">
      <Filter>08. Component\04. Animator2D</Filter>
    </ClInclude>
    <ClInclude Include="CStructuredBuffer.h">
      <Filter>03. Device\StructuredBuffer</Filter>
    </ClInclude>
  </ItemGroup>
  <ItemGroup>
    <ClCompile Include="Engine.cpp">
      <Filter>Default</Filter>
    </ClCompile>
    <ClCompile Include="pch.cpp">
      <Filter>Default</Filter>
    </ClCompile>
    <ClCompile Include="CEngine.cpp">
      <Filter>02. Engine</Filter>
    </ClCompile>
    <ClCompile Include="CDevice.cpp">
      <Filter>03. Device</Filter>
    </ClCompile>
    <ClCompile Include="CEntity.cpp">
      <Filter>Entity</Filter>
    </ClCompile>
    <ClCompile Include="CLevel.cpp">
      <Filter>05. Level</Filter>
    </ClCompile>
    <ClCompile Include="CKeyMgr.cpp">
      <Filter>04. Manager\KeyManager</Filter>
    </ClCompile>
    <ClCompile Include="CPathMgr.cpp">
      <Filter>04. Manager\PathManager</Filter>
    </ClCompile>
    <ClCompile Include="CTimeMgr.cpp">
      <Filter>04. Manager\TimeManager</Filter>
    </ClCompile>
    <ClCompile Include="CAsset.cpp">
      <Filter>06. Asset</Filter>
    </ClCompile>
    <ClCompile Include="CGameObject.cpp">
      <Filter>07. GameObject</Filter>
    </ClCompile>
    <ClCompile Include="CComponent.cpp">
      <Filter>08. Component</Filter>
    </ClCompile>
    <ClCompile Include="CMesh.cpp">
      <Filter>06. Asset\Mesh</Filter>
    </ClCompile>
    <ClCompile Include="CShader.cpp">
      <Filter>06. Asset\Shader</Filter>
    </ClCompile>
    <ClCompile Include="CGraphicsShader.cpp">
      <Filter>06. Asset\Shader\GraphicsShader</Filter>
    </ClCompile>
    <ClCompile Include="CTransform.cpp">
      <Filter>08. Component\01. Transform</Filter>
    </ClCompile>
    <ClCompile Include="CConstBuffer.cpp">
      <Filter>03. Device\ConstBuffer</Filter>
    </ClCompile>
    <ClCompile Include="CRenderComponent.cpp">
      <Filter>08. Component\RenderComponent</Filter>
    </ClCompile>
    <ClCompile Include="CMeshRender.cpp">
      <Filter>08. Component\RenderComponent\01. MeshRender</Filter>
    </ClCompile>
    <ClCompile Include="CScript.cpp">
      <Filter>08. Component\Script</Filter>
    </ClCompile>
    <ClCompile Include="CAssetMgr.cpp">
      <Filter>04. Manager\AssetManager</Filter>
    </ClCompile>
    <ClCompile Include="CPlayerScript.cpp">
      <Filter>Script</Filter>
    </ClCompile>
    <ClCompile Include="CLayer.cpp">
      <Filter>05. Level</Filter>
    </ClCompile>
    <ClCompile Include="CLevelMgr.cpp">
      <Filter>04. Manager\LevelManager</Filter>
    </ClCompile>
    <ClCompile Include="CCamera.cpp">
      <Filter>08. Component\08. Camera</Filter>
    </ClCompile>
    <ClCompile Include="extern.cpp">
      <Filter>01. Header</Filter>
    </ClCompile>
    <ClCompile Include="CCameraMoveScript.cpp">
      <Filter>Script</Filter>
    </ClCompile>
    <ClCompile Include="CTexture.cpp">
      <Filter>06. Asset\Texture</Filter>
    </ClCompile>
    <ClCompile Include="func.cpp">
      <Filter>01. Header</Filter>
    </ClCompile>
    <ClCompile Include="CTaskMgr.cpp">
      <Filter>04. Manager\TaskManager</Filter>
    </ClCompile>
    <ClCompile Include="CMissileScript.cpp">
      <Filter>Script</Filter>
    </ClCompile>
    <ClCompile Include="CGC.cpp">
      <Filter>04. Manager\CGCMgr</Filter>
    </ClCompile>
    <ClCompile Include="CMaterial.cpp">
      <Filter>06. Asset\Material</Filter>
    </ClCompile>
    <ClCompile Include="CRenderMgr.cpp">
      <Filter>04. Manager\RenderMgr</Filter>
    </ClCompile>
    <ClCompile Include="CRenderMgr_init.cpp">
      <Filter>04. Manager\RenderMgr</Filter>
    </ClCompile>
    <ClCompile Include="CCollider2D.cpp">
      <Filter>08. Component\02. Collider2D</Filter>
    </ClCompile>
    <ClCompile Include="CCollisionMgr.cpp">
      <Filter>04. Manager\CollisionManager</Filter>
    </ClCompile>
    <ClCompile Include="CAnim.cpp">
      <Filter>08. Component\04. Animator2D\Anim</Filter>
    </ClCompile>
    <ClCompile Include="CAnimator2D.cpp">
      <Filter>08. Component\04. Animator2D</Filter>
    </ClCompile>
    <ClCompile Include="CStructuredBuffer.cpp">
      <Filter>03. Device\StructuredBuffer</Filter>
    </ClCompile>
  </ItemGroup>
  <ItemGroup>
    <None Include="SimpleMath.inl">
      <Filter>Module</Filter>
    </None>
  </ItemGroup>
  <ItemGroup>
    <FxCompile Include="std2d.fx">
      <Filter>ShaderCode</Filter>
    </FxCompile>
    <FxCompile Include="debug.fx">
      <Filter>ShaderCode</Filter>
    </FxCompile>
    <FxCompile Include="value.fx">
      <Filter>ShaderCode</Filter>
    </FxCompile>
  </ItemGroup>
</Project>