<?xml version="1.0" encoding="utf-8"?>
<Project ToolsVersion="4.0" xmlns="http://schemas.microsoft.com/developer/msbuild/2003">
  <ItemGroup>
    <Filter Include="리소스 파일">
      <UniqueIdentifier>{67DA6AB6-F800-4c08-8B7A-83BB121AAD01}</UniqueIdentifier>
      <Extensions>rc;ico;cur;bmp;dlg;rc2;rct;bin;rgs;gif;jpg;jpeg;jpe;resx;tiff;tif;png;wav;mfcribbon-ms</Extensions>
    </Filter>
    <Filter Include="Default">
      <UniqueIdentifier>{7d9096bf-cc3d-4fd6-b0d7-79340b486bd2}</UniqueIdentifier>
    </Filter>
    <Filter Include="ImGuiMgr">
      <UniqueIdentifier>{cbe12564-2bfc-497b-95aa-f6b605456cb6}</UniqueIdentifier>
    </Filter>
    <Filter Include="UI">
      <UniqueIdentifier>{c6babc60-489b-4fb5-b8a0-7f773b5337ab}</UniqueIdentifier>
    </Filter>
    <Filter Include="UI\Content">
      <UniqueIdentifier>{7e0beaf0-9e57-41b0-89d5-81a99733724e}</UniqueIdentifier>
    </Filter>
    <Filter Include="UI\Inspector">
      <UniqueIdentifier>{d09e29e6-be64-47da-ac8e-41351afd7e6b}</UniqueIdentifier>
    </Filter>
    <Filter Include="UI\Outliner">
      <UniqueIdentifier>{28d0a270-71fe-403e-885c-a9a08ea720ef}</UniqueIdentifier>
    </Filter>
    <Filter Include="Default\ImGui">
      <UniqueIdentifier>{e1931d6a-a740-4fba-8e9c-6858f90c06f8}</UniqueIdentifier>
    </Filter>
    <Filter Include="UI\Inspector\ComponentUI">
      <UniqueIdentifier>{c5f1b1cb-c28b-4dca-b9ee-18d5441b9a62}</UniqueIdentifier>
    </Filter>
    <Filter Include="UI\Inspector\AssetUI">
      <UniqueIdentifier>{575b9eec-602a-425f-8804-ead7c92b887f}</UniqueIdentifier>
    </Filter>
  </ItemGroup>
  <ItemGroup>
    <ClInclude Include="Client.h">
      <Filter>Default</Filter>
    </ClInclude>
    <ClInclude Include="framework.h">
      <Filter>Default</Filter>
    </ClInclude>
    <ClInclude Include="Resource.h">
      <Filter>Default</Filter>
    </ClInclude>
    <ClInclude Include="targetver.h">
      <Filter>Default</Filter>
    </ClInclude>
    <ClInclude Include="imconfig.h">
      <Filter>Default\ImGui</Filter>
    </ClInclude>
    <ClInclude Include="imgui.h">
      <Filter>Default\ImGui</Filter>
    </ClInclude>
    <ClInclude Include="imgui_internal.h">
      <Filter>Default\ImGui</Filter>
    </ClInclude>
    <ClInclude Include="imstb_rectpack.h">
      <Filter>Default\ImGui</Filter>
    </ClInclude>
    <ClInclude Include="imstb_textedit.h">
      <Filter>Default\ImGui</Filter>
    </ClInclude>
    <ClInclude Include="imstb_truetype.h">
      <Filter>Default\ImGui</Filter>
    </ClInclude>
    <ClInclude Include="imgui_impl_dx11.h">
      <Filter>Default\ImGui</Filter>
    </ClInclude>
    <ClInclude Include="imgui_impl_win32.h">
      <Filter>Default\ImGui</Filter>
    </ClInclude>
    <ClInclude Include="pch.h">
      <Filter>Default</Filter>
    </ClInclude>
    <ClInclude Include="CImGuiMgr.h">
      <Filter>ImGuiMgr</Filter>
    </ClInclude>
    <ClInclude Include="UI.h">
      <Filter>UI</Filter>
    </ClInclude>
    <ClInclude Include="Content.h">
      <Filter>UI\Content</Filter>
    </ClInclude>
    <ClInclude Include="Outliner.h">
      <Filter>UI\Outliner</Filter>
    </ClInclude>
    <ClInclude Include="Inspector.h">
      <Filter>UI\Inspector</Filter>
    </ClInclude>
    <ClInclude Include="TransformUI.h">
      <Filter>UI\Inspector\ComponentUI</Filter>
    </ClInclude>
  </ItemGroup>
  <ItemGroup>
    <ResourceCompile Include="Client.rc">
      <Filter>리소스 파일</Filter>
    </ResourceCompile>
  </ItemGroup>
  <ItemGroup>
    <Image Include="small.ico">
      <Filter>리소스 파일</Filter>
    </Image>
    <Image Include="Client.ico">
      <Filter>리소스 파일</Filter>
    </Image>
  </ItemGroup>
  <ItemGroup>
    <ClCompile Include="main.cpp">
      <Filter>Default</Filter>
    </ClCompile>
    <ClCompile Include="imgui.cpp">
      <Filter>Default\ImGui</Filter>
    </ClCompile>
    <ClCompile Include="imgui_demo.cpp">
      <Filter>Default\ImGui</Filter>
    </ClCompile>
    <ClCompile Include="imgui_draw.cpp">
      <Filter>Default\ImGui</Filter>
    </ClCompile>
    <ClCompile Include="imgui_tables.cpp">
      <Filter>Default\ImGui</Filter>
    </ClCompile>
    <ClCompile Include="imgui_widgets.cpp">
      <Filter>Default\ImGui</Filter>
    </ClCompile>
    <ClCompile Include="imgui_impl_dx11.cpp">
      <Filter>Default\ImGui</Filter>
    </ClCompile>
    <ClCompile Include="imgui_impl_win32.cpp">
      <Filter>Default\ImGui</Filter>
    </ClCompile>
    <ClCompile Include="pch.cpp">
      <Filter>Default</Filter>
    </ClCompile>
    <ClCompile Include="CImGuiMgr.cpp">
      <Filter>ImGuiMgr</Filter>
    </ClCompile>
    <ClCompile Include="UI.cpp">
      <Filter>UI</Filter>
    </ClCompile>
    <ClCompile Include="Content.cpp">
      <Filter>UI\Content</Filter>
    </ClCompile>
    <ClCompile Include="Outliner.cpp">
      <Filter>UI\Outliner</Filter>
    </ClCompile>
    <ClCompile Include="Inspector.cpp">
      <Filter>UI\Inspector</Filter>
    </ClCompile>
    <ClCompile Include="TransformUI.cpp">
      <Filter>UI\Inspector\ComponentUI</Filter>
    </ClCompile>
  </ItemGroup>
</Project>