<?xml version="1.0" encoding="utf-8"?>
<Project ToolsVersion="4.0" xmlns="http://schemas.microsoft.com/developer/msbuild/2003">
  <ItemGroup>
    <Filter Include="Default">
      <UniqueIdentifier>{30659222-71a7-4f57-98e6-161bb608490d}</UniqueIdentifier>
    </Filter>
    <Filter Include="01. Header">
      <UniqueIdentifier>{637b74a6-b950-4a56-8226-121bdca8af80}</UniqueIdentifier>
    </Filter>
    <Filter Include="02. Engine">
      <UniqueIdentifier>{156200a3-4d3a-4e7c-b335-7a5ad46868c1}</UniqueIdentifier>
    </Filter>
  </ItemGroup>
  <ItemGroup>
    <ClInclude Include="framework.h">
      <Filter>Default</Filter>
    </ClInclude>
    <ClInclude Include="pch.h">
      <Filter>Default</Filter>
    </ClInclude>
    <ClInclude Include="CEngine.h">
      <Filter>02. Engine</Filter>
    </ClInclude>
    <ClInclude Include="singleton.h">
      <Filter>01. Header</Filter>
    </ClInclude>
    <ClInclude Include="define.h">
      <Filter>01. Header</Filter>
    </ClInclude>
    <ClInclude Include="global.h">
      <Filter>01. Header</Filter>
    </ClInclude>
    <ClInclude Include="struct.h">
      <Filter>01. Header</Filter>
    </ClInclude>
    <ClInclude Include="CDevice.h" />
    <ClInclude Include="SimpleMath.h" />
    <ClInclude Include="CEntity.h" />
    <ClInclude Include="CLevel.h" />
    <ClInclude Include="CKeyMgr.h" />
    <ClInclude Include="CPathMgr.h" />
    <ClInclude Include="CTimeMgr.h" />
    <ClInclude Include="CComponent.h" />
    <ClInclude Include="CAsset.h" />
    <ClInclude Include="CMesh.h" />
    <ClInclude Include="CShader.h" />
    <ClInclude Include="CGraphicsShader.h" />
    <ClInclude Include="CGameObject.h" />
    <ClInclude Include="CTransform.h" />
    <ClInclude Include="func.h" />
    <ClInclude Include="CConstBuffer.h" />
    <ClInclude Include="CRenderComponent.h" />
    <ClInclude Include="CMeshRender.h" />
    <ClInclude Include="components.h" />
    <ClInclude Include="CScript.h" />
    <ClInclude Include="CPlayerScript.h" />
    <ClInclude Include="CAssetMgr.h" />
    <ClInclude Include="CCamera.h" />
    <ClInclude Include="CLayer.h" />
    <ClInclude Include="CLevelMgr.h" />
    <ClInclude Include="CCameraMoveScript.h" />
    <ClInclude Include="CTexture.h" />
  </ItemGroup>
  <ItemGroup>
    <ClCompile Include="Engine.cpp">
      <Filter>Default</Filter>
    </ClCompile>
    <ClCompile Include="pch.cpp">
      <Filter>Default</Filter>
    </ClCompile>
    <ClCompile Include="CEngine.cpp">
      <Filter>02. Engine</Filter>
    </ClCompile>
    <ClCompile Include="CDevice.cpp" />
    <ClCompile Include="CEntity.cpp" />
    <ClCompile Include="CLevel.cpp" />
    <ClCompile Include="CKeyMgr.cpp" />
    <ClCompile Include="CPathMgr.cpp" />
    <ClCompile Include="CTimeMgr.cpp" />
    <ClCompile Include="CComponent.cpp" />
    <ClCompile Include="CAsset.cpp" />
    <ClCompile Include="CMesh.cpp" />
    <ClCompile Include="CShader.cpp" />
    <ClCompile Include="CGraphicsShader.cpp" />
    <ClCompile Include="CGameObject.cpp" />
    <ClCompile Include="CTransform.cpp" />
    <ClCompile Include="CConstBuffer.cpp" />
    <ClCompile Include="CRenderComponent.cpp" />
    <ClCompile Include="CMeshRender.cpp" />
    <ClCompile Include="CScript.cpp" />
    <ClCompile Include="CPlayerScript.cpp" />
    <ClCompile Include="CAssetMgr.cpp" />
    <ClCompile Include="CCamera.cpp" />
    <ClCompile Include="CLayer.cpp" />
    <ClCompile Include="CLevelMgr.cpp" />
    <ClCompile Include="extern.cpp">
      <Filter>01. Header</Filter>
    </ClCompile>
    <ClCompile Include="CCameraMoveScript.cpp" />
    <ClCompile Include="CTexture.cpp" />
  </ItemGroup>
  <ItemGroup>
    <None Include="SimpleMath.inl" />
  </ItemGroup>
  <ItemGroup>
    <FxCompile Include="std2d.fx" />
  </ItemGroup>
</Project>